<Solution>
  <Folder Name="/Documentation/">
    <File Path="README.md" />
  </Folder>
  <Project Path="AcmeCarRental.NoAoP.Tests/AcmeCarRental.NoAoP.Tests.csproj" />
  <Project Path="AcmeCarRental.NoAOP/AcmeCarRental.NoAOP.csproj" />
  <Project Path="AcmeCarRental.Tests/AcmeCarRental.Tests.csproj" Id="1d9608c3-b4fa-4f52-a946-abc6d1bbc7af" />
  <Project Path="AcmeCarRental/AcmeCarRental.csproj" Id="91aa5426-8e65-4b7e-a4e5-c3be148746d3" />
</Solution>
