Microsoft Visual Studio Solution File, Format Version 12.00
# Visual Studio Version 17
VisualStudioVersion = 17.5.2.0
MinimumVisualStudioVersion = 10.0.40219.1
Project("{FAE04EC0-301F-11D3-BF4B-00C04F79EFBC}") = "HelloMetalama", "HelloMetalama\HelloMetalama.csproj", "{788B5BAB-FDEA-3513-A654-3299724CD209}"
EndProject
Project("{FAE04EC0-301F-11D3-BF4B-00C04F79EFBC}") = "HelloPostSharp", "HelloPostSharp\HelloPostSharp.csproj", "{2BA5AFE0-2D18-307A-3B0A-A67CEABDF5B4}"
EndProject
Global
	GlobalSection(SolutionConfigurationPlatforms) = preSolution
		Debug|Any CPU = Debug|Any CPU
		Release|Any CPU = Release|Any CPU
	EndGlobalSection
	GlobalSection(ProjectConfigurationPlatforms) = postSolution
		{788B5BAB-FDEA-3513-A654-3299724CD209}.Debug|Any CPU.ActiveCfg = Debug|Any CPU
		{788B5BAB-FDEA-3513-A654-3299724CD209}.Debug|Any CPU.Build.0 = Debug|Any CPU
		{788B5BAB-FDEA-3513-A654-3299724CD209}.Release|Any CPU.ActiveCfg = Release|Any CPU
		{788B5BAB-FDEA-3513-A654-3299724CD209}.Release|Any CPU.Build.0 = Release|Any CPU
		{2BA5AFE0-2D18-307A-3B0A-A67CEABDF5B4}.Debug|Any CPU.ActiveCfg = Debug|Any CPU
		{2BA5AFE0-2D18-307A-3B0A-A67CEABDF5B4}.Debug|Any CPU.Build.0 = Debug|Any CPU
		{2BA5AFE0-2D18-307A-3B0A-A67CEABDF5B4}.Release|Any CPU.ActiveCfg = Release|Any CPU
		{2BA5AFE0-2D18-307A-3B0A-A67CEABDF5B4}.Release|Any CPU.Build.0 = Release|Any CPU
	EndGlobalSection
	GlobalSection(SolutionProperties) = preSolution
		HideSolutionNode = FALSE
	EndGlobalSection
	GlobalSection(ExtensibilityGlobals) = postSolution
		SolutionGuid = {98488F84-13E6-41A5-A1B6-C24061DDF959}
	EndGlobalSection
EndGlobal
